
Microsoft Visual Studio Solution File, Format Version 12.00
# Visual Studio Version 17
VisualStudioVersion = 17.11.35327.3
MinimumVisualStudioVersion = 10.0.40219.1
Project("{9A19103F-16F7-4668-BE54-9A1E7A4F7556}") = "Rika_WebApp", "Rika_WebApp\Rika_WebApp.csproj", "{36F4353F-66D3-4BD0-8867-023D7AB4DB56}"
EndProject
Project("{FAE04EC0-301F-11D3-BF4B-00C04F79EFBC}") = "Business", "Business\Business.csproj", "{A728C849-E69A-4868-BE16-D3EFA3D9130A}"
EndProject
Global
	GlobalSection(SolutionConfigurationPlatforms) = preSolution
		Debug|Any CPU = Debug|Any CPU
		Release|Any CPU = Release|Any CPU
	EndGlobalSection
	GlobalSection(ProjectConfigurationPlatforms) = postSolution
		{36F4353F-66D3-4BD0-8867-023D7AB4DB56}.Debug|Any CPU.ActiveCfg = Debug|Any CPU
		{36F4353F-66D3-4BD0-8867-023D7AB4DB56}.Debug|Any CPU.Build.0 = Debug|Any CPU
		{36F4353F-66D3-4BD0-8867-023D7AB4DB56}.Release|Any CPU.ActiveCfg = Release|Any CPU
		{36F4353F-66D3-4BD0-8867-023D7AB4DB56}.Release|Any CPU.Build.0 = Release|Any CPU
		{A728C849-E69A-4868-BE16-D3EFA3D9130A}.Debug|Any CPU.ActiveCfg = Debug|Any CPU
		{A728C849-E69A-4868-BE16-D3EFA3D9130A}.Debug|Any CPU.Build.0 = Debug|Any CPU
		{A728C849-E69A-4868-BE16-D3EFA3D9130A}.Release|Any CPU.ActiveCfg = Release|Any CPU
		{A728C849-E69A-4868-BE16-D3EFA3D9130A}.Release|Any CPU.Build.0 = Release|Any CPU
	EndGlobalSection
	GlobalSection(SolutionProperties) = preSolution
		HideSolutionNode = FALSE
	EndGlobalSection
	GlobalSection(ExtensibilityGlobals) = postSolution
		SolutionGuid = {7BFB5DE1-4C55-4D26-810E-3282DC7FB142}
	EndGlobalSection
EndGlobal
